github.com/TylerBrock/colorjson v0.0.0-20180527164720-95ec53f28296 h1:JYWTroLXcNzSCgu66NMgdjwoMHQRbv2SoOVNFb4kRkE=
github.com/TylerBrock/colorjson v0.0.0-20180527164720-95ec53f28296/go.mod h1:VSw57q4QFiWDbRnjdX8Cb3Ow0SFncRw+bA/ofY6Q83w=
github.com/fatih/color v1.8.0 h1:5bzFgL+oy7JITMTxUPJ00n7VxmYd/PdMp5mHFX40/RY=
github.com/fatih/color v1.8.0/go.mod h1:3l45GVGkyrnYNl9HoIjnp2NnNWvh6hLAqD8yTfGjnw8=
github.com/hokaccha/go-prettyjson v0.0.0-20190818114111-108c894c2c0e h1:0aewS5NTyxftZHSnFaJmWE5oCCrj4DyEXkAiMa1iZJM=
github.com/hokaccha/go-prettyjson v0.0.0-20190818114111-108c894c2c0e/go.mod h1:pFlLw2CfqZiIBOx6BuCeRLCrfxBJipTY0nIOF/VbGcI=
github.com/mattn/go-colorable v0.0.9 h1:UVL0vNpWh04HeJXV0KLcaT7r06gOH2l4OW6ddYRUIY4=
github.com/mattn/go-colorable v0.0.9/go.mod h1:9vuHe8Xs5qXnSaW/c/ABM9alt+Vo+STaOChaDxuIBZU=
github.com/mattn/go-isatty v0.0.3 h1:ns/ykhmWi7G9O+8a448SecJU3nSMBXJfqQkl0upE1jI=
github.com/mattn/go-isatty v0.0.3/go.mod h1:M+lRXTBqGeGNdLjl/ufCoiOlB5xdOkqRJdNxMWT7Zi4=
golang.org/x/sys v0.0.0-20180202135801-37707fdb30a5 h1:MF92a0wJ3gzSUVBpjcwdrDr5+klMFRNEEu6Mev4n00I=
golang.org/x/sys v0.0.0-20180202135801-37707fdb30a5/go.mod h1:STP8DvDyc/dI5b8T5hshtkjS+E42TnysNCUPdjciGhY=
